
Microsoft Visual Studio Solution File, Format Version 10.00
# Visual C++ Express 2008
Project("{8BC9CEB8-8B4A-11D0-8D11-00A0C91BC942}") = "Projet1", "Projet1\Projet1.vcproj", "{29E4434D-6D3A-4237-B163-69C9902DE8CD}"
EndProject
Global
	GlobalSection(SolutionConfigurationPlatforms) = preSolution
		Debug|Win32 = Debug|Win32
		Release|Win32 = Release|Win32
	EndGlobalSection
	GlobalSection(ProjectConfigurationPlatforms) = postSolution
		{29E4434D-6D3A-4237-B163-69C9902DE8CD}.Debug|Win32.ActiveCfg = Debug|Win32
		{29E4434D-6D3A-4237-B163-69C9902DE8CD}.Debug|Win32.Build.0 = Debug|Win32
		{29E4434D-6D3A-4237-B163-69C9902DE8CD}.Release|Win32.ActiveCfg = Release|Win32
		{29E4434D-6D3A-4237-B163-69C9902DE8CD}.Release|Win32.Build.0 = Release|Win32
	EndGlobalSection
	GlobalSection(SolutionProperties) = preSolution
		HideSolutionNode = FALSE
	EndGlobalSection
EndGlobal
